
Microsoft Visual Studio Solution File, Format Version 12.00
# Visual Studio 15
VisualStudioVersion = 15.0.28010.2003
MinimumVisualStudioVersion = 10.0.40219.1
Project("{FAE04EC0-301F-11D3-BF4B-00C04F79EFBC}") = "nappeandcloe.Web", "nappeandcloe.Web\nappeandcloe.Web.csproj", "{ECA69757-3932-4893-9CE8-E97E4E5FF9F5}"
EndProject
Project("{FAE04EC0-301F-11D3-BF4B-00C04F79EFBC}") = "nappeandcloe.Data", "nappeandcloe.Data\nappeandcloe.Data.csproj", "{35B1ADE5-DDD7-4E0C-89C6-6DD294FAEAFD}"
EndProject
Global
	GlobalSection(SolutionConfigurationPlatforms) = preSolution
		Debug|Any CPU = Debug|Any CPU
		Release|Any CPU = Release|Any CPU
	EndGlobalSection
	GlobalSection(ProjectConfigurationPlatforms) = postSolution
		{ECA69757-3932-4893-9CE8-E97E4E5FF9F5}.Debug|Any CPU.ActiveCfg = Debug|Any CPU
		{ECA69757-3932-4893-9CE8-E97E4E5FF9F5}.Debug|Any CPU.Build.0 = Debug|Any CPU
		{ECA69757-3932-4893-9CE8-E97E4E5FF9F5}.Release|Any CPU.ActiveCfg = Release|Any CPU
		{ECA69757-3932-4893-9CE8-E97E4E5FF9F5}.Release|Any CPU.Build.0 = Release|Any CPU
		{35B1ADE5-DDD7-4E0C-89C6-6DD294FAEAFD}.Debug|Any CPU.ActiveCfg = Debug|Any CPU
		{35B1ADE5-DDD7-4E0C-89C6-6DD294FAEAFD}.Debug|Any CPU.Build.0 = Debug|Any CPU
		{35B1ADE5-DDD7-4E0C-89C6-6DD294FAEAFD}.Release|Any CPU.ActiveCfg = Release|Any CPU
		{35B1ADE5-DDD7-4E0C-89C6-6DD294FAEAFD}.Release|Any CPU.Build.0 = Release|Any CPU
	EndGlobalSection
	GlobalSection(SolutionProperties) = preSolution
		HideSolutionNode = FALSE
	EndGlobalSection
	GlobalSection(ExtensibilityGlobals) = postSolution
		SolutionGuid = {4CAD0F02-5868-4C35-BB58-552424F862BF}
	EndGlobalSection
EndGlobal
